
Microsoft Visual Studio Solution File, Format Version 12.00
# Visual Studio 15
VisualStudioVersion = 15.0.26228.9
MinimumVisualStudioVersion = 10.0.40219.1
Project("{FAE04EC0-301F-11D3-BF4B-00C04F79EFBC}") = "BigInteger", "BigInteger\BigInteger.csproj", "{0F0E98A5-038A-46F8-80CF-85372B73129A}"
EndProject
Project("{2150E333-8FDC-42A3-9474-1A3956D46DE8}") = "Tests", "Tests", "{89B99E53-7BEC-4681-AC22-9C92715E2112}"
EndProject
Project("{FAE04EC0-301F-11D3-BF4B-00C04F79EFBC}") = "BigInteger.Tests", "BigInteger.Tests\BigInteger.Tests.csproj", "{18FC965B-D75E-4714-B6FE-630C59178FCB}"
EndProject
Project("{2150E333-8FDC-42A3-9474-1A3956D46DE8}") = "Stylecop", "Stylecop", "{DE8AB7F2-6963-4DFE-9A8F-130C42C6B355}"
	ProjectSection(SolutionItems) = preProject
		CustomDictionary.xml = CustomDictionary.xml
		stylecop.json = stylecop.json
		stylecop.ruleset = stylecop.ruleset
	EndProjectSection
EndProject
Global
	GlobalSection(SolutionConfigurationPlatforms) = preSolution
		Debug|Any CPU = Debug|Any CPU
		Release|Any CPU = Release|Any CPU
	EndGlobalSection
	GlobalSection(ProjectConfigurationPlatforms) = postSolution
		{0F0E98A5-038A-46F8-80CF-85372B73129A}.Debug|Any CPU.ActiveCfg = Debug|Any CPU
		{0F0E98A5-038A-46F8-80CF-85372B73129A}.Debug|Any CPU.Build.0 = Debug|Any CPU
		{0F0E98A5-038A-46F8-80CF-85372B73129A}.Release|Any CPU.ActiveCfg = Release|Any CPU
		{0F0E98A5-038A-46F8-80CF-85372B73129A}.Release|Any CPU.Build.0 = Release|Any CPU
		{18FC965B-D75E-4714-B6FE-630C59178FCB}.Debug|Any CPU.ActiveCfg = Debug|Any CPU
		{18FC965B-D75E-4714-B6FE-630C59178FCB}.Debug|Any CPU.Build.0 = Debug|Any CPU
		{18FC965B-D75E-4714-B6FE-630C59178FCB}.Release|Any CPU.ActiveCfg = Release|Any CPU
		{18FC965B-D75E-4714-B6FE-630C59178FCB}.Release|Any CPU.Build.0 = Release|Any CPU
	EndGlobalSection
	GlobalSection(SolutionProperties) = preSolution
		HideSolutionNode = FALSE
	EndGlobalSection
	GlobalSection(NestedProjects) = preSolution
		{18FC965B-D75E-4714-B6FE-630C59178FCB} = {89B99E53-7BEC-4681-AC22-9C92715E2112}
	EndGlobalSection
EndGlobal
